
Microsoft Visual Studio Solution File, Format Version 12.00
# Visual Studio Version 17
VisualStudioVersion = 17.12.35527.113 d17.12
MinimumVisualStudioVersion = 10.0.40219.1
Project("{FAE04EC0-301F-11D3-BF4B-00C04F79EFBC}") = "Question01", "Assignmnet02\Question01.csproj", "{FA1AA200-E2CC-4D6D-A0F9-BED6D76CB949}"
EndProject
Project("{FAE04EC0-301F-11D3-BF4B-00C04F79EFBC}") = "Question02", "Question02\Question02.csproj", "{BDD0B42D-0EE3-4B9A-93C1-1CA5B3CA732B}"
EndProject
Global
	GlobalSection(SolutionConfigurationPlatforms) = preSolution
		Debug|Any CPU = Debug|Any CPU
		Release|Any CPU = Release|Any CPU
	EndGlobalSection
	GlobalSection(ProjectConfigurationPlatforms) = postSolution
		{FA1AA200-E2CC-4D6D-A0F9-BED6D76CB949}.Debug|Any CPU.ActiveCfg = Debug|Any CPU
		{FA1AA200-E2CC-4D6D-A0F9-BED6D76CB949}.Debug|Any CPU.Build.0 = Debug|Any CPU
		{FA1AA200-E2CC-4D6D-A0F9-BED6D76CB949}.Release|Any CPU.ActiveCfg = Release|Any CPU
		{FA1AA200-E2CC-4D6D-A0F9-BED6D76CB949}.Release|Any CPU.Build.0 = Release|Any CPU
		{BDD0B42D-0EE3-4B9A-93C1-1CA5B3CA732B}.Debug|Any CPU.ActiveCfg = Debug|Any CPU
		{BDD0B42D-0EE3-4B9A-93C1-1CA5B3CA732B}.Debug|Any CPU.Build.0 = Debug|Any CPU
		{BDD0B42D-0EE3-4B9A-93C1-1CA5B3CA732B}.Release|Any CPU.ActiveCfg = Release|Any CPU
		{BDD0B42D-0EE3-4B9A-93C1-1CA5B3CA732B}.Release|Any CPU.Build.0 = Release|Any CPU
	EndGlobalSection
	GlobalSection(SolutionProperties) = preSolution
		HideSolutionNode = FALSE
	EndGlobalSection
EndGlobal
